
Microsoft Visual Studio Solution File, Format Version 12.00
Project("{FAE04EC0-301F-11D3-BF4B-00C04F79EFBC}") = "BeeApps.Identity.WebAPI", "webapis\BeeApps.Identity.WebAPI\BeeApps.Identity.WebAPI.csproj", "{B96A53CC-6919-4A6C-BF31-4816109D4182}"
EndProject
Project("{FAE04EC0-301F-11D3-BF4B-00C04F79EFBC}") = "BeeApps.Common.WebAPI", "webapis\BeeApps.Common.WebAPI\BeeApps.Common.WebAPI.csproj", "{847A0AB1-840D-4702-A7E1-1294DC9BBCF4}"
EndProject
Project("{FAE04EC0-301F-11D3-BF4B-00C04F79EFBC}") = "BeeApps.Tags.WebAPI", "webapis\BeeApps.Tags.WebAPI\BeeApps.Tags.WebAPI.csproj", "{E535A4D4-6063-46EB-B1EC-9C07D2F85600}"
EndProject
Project("{FAE04EC0-301F-11D3-BF4B-00C04F79EFBC}") = "BeeApps.Wallet.WebAPI", "webapis\BeeApps.Wallet.WebAPI\BeeApps.Wallet.WebAPI.csproj", "{560DB275-DAF5-41FB-989A-CCFF186E1E21}"
EndProject
Global
	GlobalSection(SolutionConfigurationPlatforms) = preSolution
		Debug|Any CPU = Debug|Any CPU
		Release|Any CPU = Release|Any CPU
	EndGlobalSection
	GlobalSection(ProjectConfigurationPlatforms) = postSolution
		{B96A53CC-6919-4A6C-BF31-4816109D4182}.Debug|Any CPU.ActiveCfg = Debug|Any CPU
		{B96A53CC-6919-4A6C-BF31-4816109D4182}.Debug|Any CPU.Build.0 = Debug|Any CPU
		{B96A53CC-6919-4A6C-BF31-4816109D4182}.Release|Any CPU.ActiveCfg = Release|Any CPU
		{B96A53CC-6919-4A6C-BF31-4816109D4182}.Release|Any CPU.Build.0 = Release|Any CPU
		{847A0AB1-840D-4702-A7E1-1294DC9BBCF4}.Debug|Any CPU.ActiveCfg = Debug|Any CPU
		{847A0AB1-840D-4702-A7E1-1294DC9BBCF4}.Debug|Any CPU.Build.0 = Debug|Any CPU
		{847A0AB1-840D-4702-A7E1-1294DC9BBCF4}.Release|Any CPU.ActiveCfg = Release|Any CPU
		{847A0AB1-840D-4702-A7E1-1294DC9BBCF4}.Release|Any CPU.Build.0 = Release|Any CPU
		{E535A4D4-6063-46EB-B1EC-9C07D2F85600}.Debug|Any CPU.ActiveCfg = Debug|Any CPU
		{E535A4D4-6063-46EB-B1EC-9C07D2F85600}.Debug|Any CPU.Build.0 = Debug|Any CPU
		{E535A4D4-6063-46EB-B1EC-9C07D2F85600}.Release|Any CPU.ActiveCfg = Release|Any CPU
		{E535A4D4-6063-46EB-B1EC-9C07D2F85600}.Release|Any CPU.Build.0 = Release|Any CPU
		{560DB275-DAF5-41FB-989A-CCFF186E1E21}.Debug|Any CPU.ActiveCfg = Debug|Any CPU
		{560DB275-DAF5-41FB-989A-CCFF186E1E21}.Debug|Any CPU.Build.0 = Debug|Any CPU
		{560DB275-DAF5-41FB-989A-CCFF186E1E21}.Release|Any CPU.ActiveCfg = Release|Any CPU
		{560DB275-DAF5-41FB-989A-CCFF186E1E21}.Release|Any CPU.Build.0 = Release|Any CPU
	EndGlobalSection
EndGlobal
